lockfileVersion: '9.0'

settings:
  autoInstallPeers: true
  excludeLinksFromLockfile: false

importers:

  .: {}

  ../..: {}

  ../../../create-roboto-next-sanity: {}

  ../../../google-indexing-script: {}

  ../../../midday: {}

  ../../../midday/apps/api: {}

  ../../../midday/apps/dashboard: {}

  ../../../midday/apps/docs: {}

  ../../../midday/apps/engine: {}

  ../../../midday/apps/mobile: {}

  ../../../midday/apps/website: {}

  ../../../midday/packages/app-store: {}

  ../../../midday/packages/documents: {}

  ../../../midday/packages/email: {}

  ../../../midday/packages/events: {}

  ../../../midday/packages/import: {}

  ../../../midday/packages/inbox: {}

  ../../../midday/packages/invoice: {}

  ../../../midday/packages/jobs: {}

  ../../../midday/packages/kv: {}

  ../../../midday/packages/location: {}

  ../../../midday/packages/notification: {}

  ../../../midday/packages/supabase: {}

  ../../../midday/packages/tsconfig: {}

  ../../../midday/packages/ui: {}

  ../../../midday/packages/utils: {}

  ../../../my-sanity-project: {}

  ../../../my-sanity-project/apps/studio: {}

  ../../../my-sanity-project/apps/web: {}

  ../../../my-sanity-project/packages/eslint-config: {}

  ../../../my-sanity-project/packages/typescript-config: {}

  ../../../my-sanity-project/packages/ui: {}

  ../../../roboto-demo-new: {}

  ../../../roboto-demo-new/apps/studio: {}

  ../../../roboto-demo-new/apps/web: {}

  ../../../roboto-demo-new/packages/config: {}

  ../../../roboto-demo-new/packages/eslint-config: {}

  ../../../roboto-demo-new/packages/typescript-config: {}

  ../../../roboto-next-sanity: {}

  ../../../roboto-next-sanity/apps/studio: {}

  ../../../roboto-next-sanity/apps/web: {}

  ../../../roboto-next-sanity/packages/config: {}

  ../../../roboto-next-sanity/packages/typescript-config: {}

  ../../../roboto-proposals: {}

  ../../../roboto-website: {}

  ../../../roboto-website/apps/studio: {}

  ../../../roboto-website/apps/web: {}

  ../../../roboto-website/packages/config: {}

  ../../../roboto-website/packages/eslint-config: {}

  ../../../roboto-website/packages/google-indexing-script: {}

  ../../../roboto-website/packages/typescript-config: {}

  ../../../sandbox: {}

  ../../../sandbox/apps/api: {}

  ../../../sandbox/apps/web: {}

  ../../../sandbox/packages/config-eslint: {}

  ../../../sandbox/packages/config-typescript: {}

  ../../../sandbox/packages/drizzle: {}

  ../../../sandbox/packages/email: {}

  ../../../sandbox/packages/jobs: {}

  ../../../sandbox/packages/linear: {}

  ../../../sandbox/packages/logger: {}

  ../../../sandbox/packages/toggl: {}

  ../../../sanity-shadcn-form-builder: {}

  ../../../template-validator: {}

  ../../../template-validator/test/fixtures/test-template: {}

  ../../../template-validator/test/fixtures/test-template/astro-app: {}

  ../../../template-validator/test/fixtures/test-template/studio: {}

  ../../../toggl-alt: {}

  ../../packages/eslint-config: {}

  ../../packages/typescript-config: {}

  ../../packages/ui: {}

  ../web: {}
